{
  "lockfile_version": "1",
  "packages": {
    "github:NixOS/nixpkgs/nixpkgs-unstable": {
      "last_modified": "2026-05-03T16:35:46Z",
      "resolved": "github:NixOS/nixpkgs/73c703c22422b8951895a960959dbbaca7296492?lastModified=1777826146&narHash=sha256-wQ%2FiN5Zp5VIa3ebBibijPnLyKhor%2BxEbDy4d0goa9Zs%3D"
    },
    "imagemagick@latest": {
      "last_modified": "2026-04-28T17:03:49Z",
      "resolved": "github:NixOS/nixpkgs/e75f25705c2934955ee5075e62530d74aca973c6#imagemagick",
      "source": "devbox-search",
      "version": "7.1.2-19",
      "systems": {
        "aarch64-darwin": {
          "outputs": [
            {
              "name": "out",
              "path": "/nix/store/wpzigcx7gxjlwwp37zarhvd3bqa80b8c-imagemagick-7.1.2-19",
              "default": true
            },
            {
              "name": "dev",
              "path": "/nix/store/5aqqkdj4f73paq3g2j4w4hzzr761ikxl-imagemagick-7.1.2-19-dev"
            },
            {
              "name": "doc",
              "path": "/nix/store/nbsq26ilsasp7q30yi1a0wg7gphas4yd-imagemagick-7.1.2-19-doc"
            }
          ],
          "store_path": "/nix/store/wpzigcx7gxjlwwp37zarhvd3bqa80b8c-imagemagick-7.1.2-19"
        },
        "aarch64-linux": {
          "outputs": [
            {
              "name": "out",
              "path": "/nix/store/fwzsk0k739njgrc6akds0gb9dlf35c7j-imagemagick-7.1.2-19",
              "default": true
            },
            {
              "name": "dev",
              "path": "/nix/store/cbix8xr3hapw0gxnb9frs03pmk4qwg03-imagemagick-7.1.2-19-dev"
            },
            {
              "name": "doc",
              "path": "/nix/store/0n8il9kwbiz0iv7v5i2lqgq0b74ysabl-imagemagick-7.1.2-19-doc"
            }
          ],
          "store_path": "/nix/store/fwzsk0k739njgrc6akds0gb9dlf35c7j-imagemagick-7.1.2-19"
        },
        "x86_64-darwin": {
          "outputs": [
            {
              "name": "out",
              "path": "/nix/store/gg9cl0mxb1imfdswpfizk5dj7zrxrwh6-imagemagick-7.1.2-19",
              "default": true
            },
            {
              "name": "dev",
              "path": "/nix/store/lgixyf4qclp6bcm6z76ffpjmzlhvxa4l-imagemagick-7.1.2-19-dev"
            },
            {
              "name": "doc",
              "path": "/nix/store/8lbb1bszlsbva3j87k24vmgznd8lnfzr-imagemagick-7.1.2-19-doc"
            }
          ],
          "store_path": "/nix/store/gg9cl0mxb1imfdswpfizk5dj7zrxrwh6-imagemagick-7.1.2-19"
        },
        "x86_64-linux": {
          "outputs": [
            {
              "name": "out",
              "path": "/nix/store/pjcg9z9zj4hqa7y8jjgsx06rc31q6r8s-imagemagick-7.1.2-19",
              "default": true
            },
            {
              "name": "dev",
              "path": "/nix/store/hn59rqwq5j0z7l13yns903l6ibylwz1g-imagemagick-7.1.2-19-dev"
            },
            {
              "name": "doc",
              "path": "/nix/store/ynxxq1m4789p30i1g8qjlkm9lp80h9c0-imagemagick-7.1.2-19-doc"
            }
          ],
          "store_path": "/nix/store/pjcg9z9zj4hqa7y8jjgsx06rc31q6r8s-imagemagick-7.1.2-19"
        }
      }
    },
    "ruby@3.3": {
      "last_modified": "2026-01-23T17:20:52Z",
      "plugin_version": "0.0.2",
      "resolved": "github:NixOS/nixpkgs/a1bab9e494f5f4939442a57a58d0449a109593fe#ruby",
      "source": "devbox-search",
      "version": "3.3.10",
      "systems": {
        "aarch64-darwin": {
          "outputs": [
            {
              "name": "out",
              "path": "/nix/store/d9wal8y7w1zpvyas3x1q4ykz880mmklk-ruby-3.3.10",
              "default": true
            },
            {
              "name": "devdoc",
              "path": "/nix/store/1rfqp0848j3gnm222ls3bipk1azcrrq3-ruby-3.3.10-devdoc"
            }
          ],
          "store_path": "/nix/store/d9wal8y7w1zpvyas3x1q4ykz880mmklk-ruby-3.3.10"
        },
        "aarch64-linux": {
          "outputs": [
            {
              "name": "out",
              "path": "/nix/store/1hlahw0ijkxx1aqy3x41k3gxpgv34g7d-ruby-3.3.10",
              "default": true
            },
            {
              "name": "devdoc",
              "path": "/nix/store/arvi0gqvw07ngbi2ci20dn5ka2jz5irv-ruby-3.3.10-devdoc"
            }
          ],
          "store_path": "/nix/store/1hlahw0ijkxx1aqy3x41k3gxpgv34g7d-ruby-3.3.10"
        },
        "x86_64-darwin": {
          "outputs": [
            {
              "name": "out",
              "path": "/nix/store/as6xdshxpansvkag8zqr602ajkn9079z-ruby-3.3.10",
              "default": true
            },
            {
              "name": "devdoc",
              "path": "/nix/store/wix1487x3br4gxa0il4q6llz5xyqxspl-ruby-3.3.10-devdoc"
            }
          ],
          "store_path": "/nix/store/as6xdshxpansvkag8zqr602ajkn9079z-ruby-3.3.10"
        },
        "x86_64-linux": {
          "outputs": [
            {
              "name": "out",
              "path": "/nix/store/6jz2pgmsh06z9a83qi33f6lp9w2q6mzm-ruby-3.3.10",
              "default": true
            },
            {
              "name": "devdoc",
              "path": "/nix/store/kah8xsbcd10iakxqmlw558iarhsrd5vi-ruby-3.3.10-devdoc"
            }
          ],
          "store_path": "/nix/store/6jz2pgmsh06z9a83qi33f6lp9w2q6mzm-ruby-3.3.10"
        }
      }
    }
  }
}
